// !$*UTF8*$!
{
	archiveVersion = 1;
	classes = {
	};
	objectVersion = 56;
	objects = {

/* Begin PBXBuildFile section */
		39832BD12B57BBFF007232FA /* AppDelegate.swift in Sources */ = {isa = PBXBuildFile; fileRef = 39832BD02B57BBFF007232FA /* AppDelegate.swift */; };
		39832BD32B57BBFF007232FA /* SceneDelegate.swift in Sources */ = {isa = PBXBuildFile; fileRef = 39832BD22B57BBFF007232FA /* SceneDelegate.swift */; };
		39832BDA2B57BC00007232FA /* Assets.xcassets in Resources */ = {isa = PBXBuildFile; fileRef = 39832BD92B57BC00007232FA /* Assets.xcassets */; };
		39832BDD2B57BC00007232FA /* LaunchScreen.storyboard in Resources */ = {isa = PBXBuildFile; fileRef = 39832BDB2B57BC00007232FA /* LaunchScreen.storyboard */; };
		39832BE72B595227007232FA /* OnBoardingPage.swift in Sources */ = {isa = PBXBuildFile; fileRef = 39832BE62B595227007232FA /* OnBoardingPage.swift */; };
		39832BE92B59C185007232FA /* OnBoardingImageComponent.swift in Sources */ = {isa = PBXBuildFile; fileRef = 39832BE82B59C185007232FA /* OnBoardingImageComponent.swift */; };
		39832BEE2B5A8C5E007232FA /* CategrorieTableViewCell.swift in Sources */ = {isa = PBXBuildFile; fileRef = 39832BED2B5A8C5E007232FA /* CategrorieTableViewCell.swift */; };
		39832BF02B5A9522007232FA /* model.swift in Sources */ = {isa = PBXBuildFile; fileRef = 39832BEF2B5A9522007232FA /* model.swift */; };
		39832BF22B5A9D12007232FA /* CategoriesViewController.swift in Sources */ = {isa = PBXBuildFile; fileRef = 39832BF12B5A9D12007232FA /* CategoriesViewController.swift */; };
		39832BF82B5AB4A0007232FA /* ShadowView.swift in Sources */ = {isa = PBXBuildFile; fileRef = 39832BF72B5AB4A0007232FA /* ShadowView.swift */; };
		39832BFB2B5D4C9F007232FA /* HexColor.swift in Sources */ = {isa = PBXBuildFile; fileRef = 39832BFA2B5D4C9F007232FA /* HexColor.swift */; };
		39832BFD2B5D4DEE007232FA /* HeaderView.swift in Sources */ = {isa = PBXBuildFile; fileRef = 39832BFC2B5D4DEE007232FA /* HeaderView.swift */; };
		39832BFF2B5D666C007232FA /* CategoriesViewModel.swift in Sources */ = {isa = PBXBuildFile; fileRef = 39832BFE2B5D666C007232FA /* CategoriesViewModel.swift */; };
/* End PBXBuildFile section */

/* Begin PBXFileReference section */
		39832BCD2B57BBFF007232FA /* FinalRecipeApp.app */ = {isa = PBXFileReference; explicitFileType = wrapper.application; includeInIndex = 0; path = FinalRecipeApp.app; sourceTree = BUILT_PRODUCTS_DIR; };
		39832BD02B57BBFF007232FA /* AppDelegate.swift */ = {isa = PBXFileReference; lastKnownFileType = sourcecode.swift; path = AppDelegate.swift; sourceTree = "<group>"; };
		39832BD22B57BBFF007232FA /* SceneDelegate.swift */ = {isa = PBXFileReference; lastKnownFileType = sourcecode.swift; path = SceneDelegate.swift; sourceTree = "<group>"; };
		39832BD92B57BC00007232FA /* Assets.xcassets */ = {isa = PBXFileReference; lastKnownFileType = folder.assetcatalog; path = Assets.xcassets; sourceTree = "<group>"; };
		39832BDC2B57BC00007232FA /* Base */ = {isa = PBXFileReference; lastKnownFileType = file.storyboard; name = Base; path = Base.lproj/LaunchScreen.storyboard; sourceTree = "<group>"; };
		39832BDE2B57BC00007232FA /* Info.plist */ = {isa = PBXFileReference; lastKnownFileType = text.plist.xml; path = Info.plist; sourceTree = "<group>"; };
		39832BE62B595227007232FA /* OnBoardingPage.swift */ = {isa = PBXFileReference; lastKnownFileType = sourcecode.swift; path = OnBoardingPage.swift; sourceTree = "<group>"; };
		39832BE82B59C185007232FA /* OnBoardingImageComponent.swift */ = {isa = PBXFileReference; lastKnownFileType = sourcecode.swift; path = OnBoardingImageComponent.swift; sourceTree = "<group>"; };
		39832BED2B5A8C5E007232FA /* CategrorieTableViewCell.swift */ = {isa = PBXFileReference; lastKnownFileType = sourcecode.swift; path = CategrorieTableViewCell.swift; sourceTree = "<group>"; };
		39832BEF2B5A9522007232FA /* model.swift */ = {isa = PBXFileReference; lastKnownFileType = sourcecode.swift; path = model.swift; sourceTree = "<group>"; };
		39832BF12B5A9D12007232FA /* CategoriesViewController.swift */ = {isa = PBXFileReference; lastKnownFileType = sourcecode.swift; path = CategoriesViewController.swift; sourceTree = "<group>"; };
		39832BF72B5AB4A0007232FA /* ShadowView.swift */ = {isa = PBXFileReference; lastKnownFileType = sourcecode.swift; path = ShadowView.swift; sourceTree = "<group>"; };
		39832BFA2B5D4C9F007232FA /* HexColor.swift */ = {isa = PBXFileReference; lastKnownFileType = sourcecode.swift; path = HexColor.swift; sourceTree = "<group>"; };
		39832BFC2B5D4DEE007232FA /* HeaderView.swift */ = {isa = PBXFileReference; lastKnownFileType = sourcecode.swift; path = HeaderView.swift; sourceTree = "<group>"; };
		39832BFE2B5D666C007232FA /* CategoriesViewModel.swift */ = {isa = PBXFileReference; lastKnownFileType = sourcecode.swift; path = CategoriesViewModel.swift; sourceTree = "<group>"; };
/* End PBXFileReference section */

/* Begin PBXFrameworksBuildPhase section */
		39832BCA2B57BBFF007232FA /* Frameworks */ = {
			isa = PBXFrameworksBuildPhase;
			buildActionMask = 2147483647;
			files = (
			);
			runOnlyForDeploymentPostprocessing = 0;
		};
/* End PBXFrameworksBuildPhase section */

/* Begin PBXGroup section */
		39832BC42B57BBFF007232FA = {
			isa = PBXGroup;
			children = (
				39832BCF2B57BBFF007232FA /* FinalRecipeApp */,
				39832BCE2B57BBFF007232FA /* Products */,
			);
			sourceTree = "<group>";
		};
		39832BCE2B57BBFF007232FA /* Products */ = {
			isa = PBXGroup;
			children = (
				39832BCD2B57BBFF007232FA /* FinalRecipeApp.app */,
			);
			name = Products;
			sourceTree = "<group>";
		};
		39832BCF2B57BBFF007232FA /* FinalRecipeApp */ = {
			isa = PBXGroup;
			children = (
				39832BF92B5D4C75007232FA /* Extensions */,
				39832BF62B5AB487007232FA /* Components */,
				39832BF52B5AB473007232FA /* Models */,
				39832BE42B57BC0E007232FA /* App */,
				39832BE52B57BCA6007232FA /* OnBoarding */,
				39832BEA2B59DCAE007232FA /* Categories */,
				39832BD92B57BC00007232FA /* Assets.xcassets */,
				39832BDB2B57BC00007232FA /* LaunchScreen.storyboard */,
				39832BDE2B57BC00007232FA /* Info.plist */,
			);
			path = FinalRecipeApp;
			sourceTree = "<group>";
		};
		39832BE42B57BC0E007232FA /* App */ = {
			isa = PBXGroup;
			children = (
				39832BD02B57BBFF007232FA /* AppDelegate.swift */,
				39832BD22B57BBFF007232FA /* SceneDelegate.swift */,
			);
			path = App;
			sourceTree = "<group>";
		};
		39832BE52B57BCA6007232FA /* OnBoarding */ = {
			isa = PBXGroup;
			children = (
				39832BE62B595227007232FA /* OnBoardingPage.swift */,
				39832BE82B59C185007232FA /* OnBoardingImageComponent.swift */,
			);
			path = OnBoarding;
			sourceTree = "<group>";
		};
		39832BEA2B59DCAE007232FA /* Categories */ = {
			isa = PBXGroup;
			children = (
				39832C002B5D667B007232FA /* CategorieTableViewCelll */,
				39832BF12B5A9D12007232FA /* CategoriesViewController.swift */,
				39832BFE2B5D666C007232FA /* CategoriesViewModel.swift */,
			);
			path = Categories;
			sourceTree = "<group>";
		};
		39832BF52B5AB473007232FA /* Models */ = {
			isa = PBXGroup;
			children = (
				39832BEF2B5A9522007232FA /* model.swift */,
			);
			path = Models;
			sourceTree = "<group>";
		};
		39832BF62B5AB487007232FA /* Components */ = {
			isa = PBXGroup;
			children = (
				39832BF72B5AB4A0007232FA /* ShadowView.swift */,
				39832BFC2B5D4DEE007232FA /* HeaderView.swift */,
			);
			path = Components;
			sourceTree = "<group>";
		};
		39832BF92B5D4C75007232FA /* Extensions */ = {
			isa = PBXGroup;
			children = (
				39832BFA2B5D4C9F007232FA /* HexColor.swift */,
			);
			path = Extensions;
			sourceTree = "<group>";
		};
		39832C002B5D667B007232FA /* CategorieTableViewCelll */ = {
			isa = PBXGroup;
			children = (
				39832BED2B5A8C5E007232FA /* CategrorieTableViewCell.swift */,
			);
			path = CategorieTableViewCelll;
			sourceTree = "<group>";
		};
/* End PBXGroup section */

/* Begin PBXNativeTarget section */
		39832BCC2B57BBFF007232FA /* FinalRecipeApp */ = {
			isa = PBXNativeTarget;
			buildConfigurationList = 39832BE12B57BC00007232FA /* Build configuration list for PBXNativeTarget "FinalRecipeApp" */;
			buildPhases = (
				39832BC92B57BBFF007232FA /* Sources */,
				39832BCA2B57BBFF007232FA /* Frameworks */,
				39832BCB2B57BBFF007232FA /* Resources */,
			);
			buildRules = (
			);
			dependencies = (
			);
			name = FinalRecipeApp;
			productName = FinalRecipeApp;
			productReference = 39832BCD2B57BBFF007232FA /* FinalRecipeApp.app */;
			productType = "com.apple.product-type.application";
		};
/* End PBXNativeTarget section */

/* Begin PBXProject section */
		39832BC52B57BBFF007232FA /* Project object */ = {
			isa = PBXProject;
			attributes = {
				BuildIndependentTargetsInParallel = 1;
				LastSwiftUpdateCheck = 1500;
				LastUpgradeCheck = 1500;
				TargetAttributes = {
					39832BCC2B57BBFF007232FA = {
						CreatedOnToolsVersion = 15.0.1;
					};
				};
			};
			buildConfigurationList = 39832BC82B57BBFF007232FA /* Build configuration list for PBXProject "FinalRecipeApp" */;
			compatibilityVersion = "Xcode 14.0";
			developmentRegion = en;
			hasScannedForEncodings = 0;
			knownRegions = (
				en,
				Base,
			);
			mainGroup = 39832BC42B57BBFF007232FA;
			productRefGroup = 39832BCE2B57BBFF007232FA /* Products */;
			projectDirPath = "";
			projectRoot = "";
			targets = (
				39832BCC2B57BBFF007232FA /* FinalRecipeApp */,
			);
		};
/* End PBXProject section */

/* Begin PBXResourcesBuildPhase section */
		39832BCB2B57BBFF007232FA /* Resources */ = {
			isa = PBXResourcesBuildPhase;
			buildActionMask = 2147483647;
			files = (
				39832BDD2B57BC00007232FA /* LaunchScreen.storyboard in Resources */,
				39832BDA2B57BC00007232FA /* Assets.xcassets in Resources */,
			);
			runOnlyForDeploymentPostprocessing = 0;
		};
/* End PBXResourcesBuildPhase section */

/* Begin PBXSourcesBuildPhase section */
		39832BC92B57BBFF007232FA /* Sources */ = {
			isa = PBXSourcesBuildPhase;
			buildActionMask = 2147483647;
			files = (
				39832BE92B59C185007232FA /* OnBoardingImageComponent.swift in Sources */,
				39832BF02B5A9522007232FA /* model.swift in Sources */,
				39832BEE2B5A8C5E007232FA /* CategrorieTableViewCell.swift in Sources */,
				39832BD12B57BBFF007232FA /* AppDelegate.swift in Sources */,
				39832BF82B5AB4A0007232FA /* ShadowView.swift in Sources */,
				39832BFD2B5D4DEE007232FA /* HeaderView.swift in Sources */,
				39832BD32B57BBFF007232FA /* SceneDelegate.swift in Sources */,
				39832BF22B5A9D12007232FA /* CategoriesViewController.swift in Sources */,
				39832BFB2B5D4C9F007232FA /* HexColor.swift in Sources */,
				39832BE72B595227007232FA /* OnBoardingPage.swift in Sources */,
				39832BFF2B5D666C007232FA /* CategoriesViewModel.swift in Sources */,
			);
			runOnlyForDeploymentPostprocessing = 0;
		};
/* End PBXSourcesBuildPhase section */

/* Begin PBXVariantGroup section */
		39832BDB2B57BC00007232FA /* LaunchScreen.storyboard */ = {
			isa = PBXVariantGroup;
			children = (
				39832BDC2B57BC00007232FA /* Base */,
			);
			name = LaunchScreen.storyboard;
			sourceTree = "<group>";
		};
/* End PBXVariantGroup section */

/* Begin XCBuildConfiguration section */
		39832BDF2B57BC00007232FA /* Debug */ = {
			isa = XCBuildConfiguration;
			buildSettings = {
				ALWAYS_SEARCH_USER_PATHS = NO;
				ASSETCATALOG_COMPILER_GENERATE_SWIFT_ASSET_SYMBOL_EXTENSIONS = YES;
				CLANG_ANALYZER_NONNULL = YES;
				CLANG_ANALYZER_NUMBER_OBJECT_CONVERSION = YES_AGGRESSIVE;
				CLANG_CXX_LANGUAGE_STANDARD = "gnu++20";
				CLANG_ENABLE_MODULES = YES;
				CLANG_ENABLE_OBJC_ARC = YES;
				CLANG_ENABLE_OBJC_WEAK = YES;
				CLANG_WARN_BLOCK_CAPTURE_AUTORELEASING = YES;
				CLANG_WARN_BOOL_CONVERSION = YES;
				CLANG_WARN_COMMA = YES;
				CLANG_WARN_CONSTANT_CONVERSION = YES;
				CLANG_WARN_DEPRECATED_OBJC_IMPLEMENTATIONS = YES;
				CLANG_WARN_DIRECT_OBJC_ISA_USAGE = YES_ERROR;
				CLANG_WARN_DOCUMENTATION_COMMENTS = YES;
				CLANG_WARN_EMPTY_BODY = YES;
				CLANG_WARN_ENUM_CONVERSION = YES;
				CLANG_WARN_INFINITE_RECURSION = YES;
				CLANG_WARN_INT_CONVERSION = YES;
				CLANG_WARN_NON_LITERAL_NULL_CONVERSION = YES;
				CLANG_WARN_OBJC_IMPLICIT_RETAIN_SELF = YES;
				CLANG_WARN_OBJC_LITERAL_CONVERSION = YES;
				CLANG_WARN_OBJC_ROOT_CLASS = YES_ERROR;
				CLANG_WARN_QUOTED_INCLUDE_IN_FRAMEWORK_HEADER = YES;
				CLANG_WARN_RANGE_LOOP_ANALYSIS = YES;
				CLANG_WARN_STRICT_PROTOTYPES = YES;
				CLANG_WARN_SUSPICIOUS_MOVE = YES;
				CLANG_WARN_UNGUARDED_AVAILABILITY = YES_AGGRESSIVE;
				CLANG_WARN_UNREACHABLE_CODE = YES;
				CLANG_WARN__DUPLICATE_METHOD_MATCH = YES;
				COPY_PHASE_STRIP = NO;
				DEBUG_INFORMATION_FORMAT = dwarf;
				ENABLE_STRICT_OBJC_MSGSEND = YES;
				ENABLE_TESTABILITY = YES;
				ENABLE_USER_SCRIPT_SANDBOXING = YES;
				GCC_C_LANGUAGE_STANDARD = gnu17;
				GCC_DYNAMIC_NO_PIC = NO;
				GCC_NO_COMMON_BLOCKS = YES;
				GCC_OPTIMIZATION_LEVEL = 0;
				GCC_PREPROCESSOR_DEFINITIONS = (
					"DEBUG=1",
					"$(inherited)",
				);
				GCC_WARN_64_TO_32_BIT_CONVERSION = YES;
				GCC_WARN_ABOUT_RETURN_TYPE = YES_ERROR;
				GCC_WARN_UNDECLARED_SELECTOR = YES;
				GCC_WARN_UNINITIALIZED_AUTOS = YES_AGGRESSIVE;
				GCC_WARN_UNUSED_FUNCTION = YES;
				GCC_WARN_UNUSED_VARIABLE = YES;
				IPHONEOS_DEPLOYMENT_TARGET = 17.0;
				LOCALIZATION_PREFERS_STRING_CATALOGS = YES;
				MTL_ENABLE_DEBUG_INFO = INCLUDE_SOURCE;
				MTL_FAST_MATH = YES;
				ONLY_ACTIVE_ARCH = YES;
				SDKROOT = iphoneos;
				SWIFT_ACTIVE_COMPILATION_CONDITIONS = "DEBUG $(inherited)";
				SWIFT_OPTIMIZATION_LEVEL = "-Onone";
			};
			name = Debug;
		};
		39832BE02B57BC00007232FA /* Release */ = {
			isa = XCBuildConfiguration;
			buildSettings = {
				ALWAYS_SEARCH_USER_PATHS = NO;
				ASSETCATALOG_COMPILER_GENERATE_SWIFT_ASSET_SYMBOL_EXTENSIONS = YES;
				CLANG_ANALYZER_NONNULL = YES;
				CLANG_ANALYZER_NUMBER_OBJECT_CONVERSION = YES_AGGRESSIVE;
				CLANG_CXX_LANGUAGE_STANDARD = "gnu++20";
				CLANG_ENABLE_MODULES = YES;
				CLANG_ENABLE_OBJC_ARC = YES;
				CLANG_ENABLE_OBJC_WEAK = YES;
				CLANG_WARN_BLOCK_CAPTURE_AUTORELEASING = YES;
				CLANG_WARN_BOOL_CONVERSION = YES;
				CLANG_WARN_COMMA = YES;
				CLANG_WARN_CONSTANT_CONVERSION = YES;
				CLANG_WARN_DEPRECATED_OBJC_IMPLEMENTATIONS = YES;
				CLANG_WARN_DIRECT_OBJC_ISA_USAGE = YES_ERROR;
				CLANG_WARN_DOCUMENTATION_COMMENTS = YES;
				CLANG_WARN_EMPTY_BODY = YES;
				CLANG_WARN_ENUM_CONVERSION = YES;
				CLANG_WARN_INFINITE_RECURSION = YES;
				CLANG_WARN_INT_CONVERSION = YES;
				CLANG_WARN_NON_LITERAL_NULL_CONVERSION = YES;
				CLANG_WARN_OBJC_IMPLICIT_RETAIN_SELF = YES;
				CLANG_WARN_OBJC_LITERAL_CONVERSION = YES;
				CLANG_WARN_OBJC_ROOT_CLASS = YES_ERROR;
				CLANG_WARN_QUOTED_INCLUDE_IN_FRAMEWORK_HEADER = YES;
				CLANG_WARN_RANGE_LOOP_ANALYSIS = YES;
				CLANG_WARN_STRICT_PROTOTYPES = YES;
				CLANG_WARN_SUSPICIOUS_MOVE = YES;
				CLANG_WARN_UNGUARDED_AVAILABILITY = YES_AGGRESSIVE;
				CLANG_WARN_UNREACHABLE_CODE = YES;
				CLANG_WARN__DUPLICATE_METHOD_MATCH = YES;
				COPY_PHASE_STRIP = NO;
				DEBUG_INFORMATION_FORMAT = "dwarf-with-dsym";
				ENABLE_NS_ASSERTIONS = NO;
				ENABLE_STRICT_OBJC_MSGSEND = YES;
				ENABLE_USER_SCRIPT_SANDBOXING = YES;
				GCC_C_LANGUAGE_STANDARD = gnu17;
				GCC_NO_COMMON_BLOCKS = YES;
				GCC_WARN_64_TO_32_BIT_CONVERSION = YES;
				GCC_WARN_ABOUT_RETURN_TYPE = YES_ERROR;
				GCC_WARN_UNDECLARED_SELECTOR = YES;
				GCC_WARN_UNINITIALIZED_AUTOS = YES_AGGRESSIVE;
				GCC_WARN_UNUSED_FUNCTION = YES;
				GCC_WARN_UNUSED_VARIABLE = YES;
				IPHONEOS_DEPLOYMENT_TARGET = 17.0;
				LOCALIZATION_PREFERS_STRING_CATALOGS = YES;
				MTL_ENABLE_DEBUG_INFO = NO;
				MTL_FAST_MATH = YES;
				SDKROOT = iphoneos;
				SWIFT_COMPILATION_MODE = wholemodule;
				VALIDATE_PRODUCT = YES;
			};
			name = Release;
		};
		39832BE22B57BC00007232FA /* Debug */ = {
			isa = XCBuildConfiguration;
			buildSettings = {
				ASSETCATALOG_COMPILER_APPICON_NAME = AppIcon;
				ASSETCATALOG_COMPILER_GLOBAL_ACCENT_COLOR_NAME = AccentColor;
				CODE_SIGN_STYLE = Automatic;
				CURRENT_PROJECT_VERSION = 1;
				DEVELOPMENT_TEAM = VK8W64RM87;
				GENERATE_INFOPLIST_FILE = YES;
				INFOPLIST_FILE = FinalRecipeApp/Info.plist;
				INFOPLIST_KEY_UIApplicationSupportsIndirectInputEvents = YES;
				INFOPLIST_KEY_UILaunchStoryboardName = LaunchScreen;
				INFOPLIST_KEY_UISupportedInterfaceOrientations_iPad = "UIInterfaceOrientationPortrait UIInterfaceOrientationPortraitUpsideDown UIInterfaceOrientationLandscapeLeft UIInterfaceOrientationLandscapeRight";
				INFOPLIST_KEY_UISupportedInterfaceOrientations_iPhone = "UIInterfaceOrientationPortrait UIInterfaceOrientationLandscapeLeft UIInterfaceOrientationLandscapeRight";
				LD_RUNPATH_SEARCH_PATHS = (
					"$(inherited)",
					"@executable_path/Frameworks",
				);
				MARKETING_VERSION = 1.0;
				PRODUCT_BUNDLE_IDENTIFIER = mmm.FinalRecipeApp;
				PRODUCT_NAME = "$(TARGET_NAME)";
				SWIFT_EMIT_LOC_STRINGS = YES;
				SWIFT_VERSION = 5.0;
				TARGETED_DEVICE_FAMILY = "1,2";
			};
			name = Debug;
		};
		39832BE32B57BC00007232FA /* Release */ = {
			isa = XCBuildConfiguration;
			buildSettings = {
				ASSETCATALOG_COMPILER_APPICON_NAME = AppIcon;
				ASSETCATALOG_COMPILER_GLOBAL_ACCENT_COLOR_NAME = AccentColor;
				CODE_SIGN_STYLE = Automatic;
				CURRENT_PROJECT_VERSION = 1;
				DEVELOPMENT_TEAM = VK8W64RM87;
				GENERATE_INFOPLIST_FILE = YES;
				INFOPLIST_FILE = FinalRecipeApp/Info.plist;
				INFOPLIST_KEY_UIApplicationSupportsIndirectInputEvents = YES;
				INFOPLIST_KEY_UILaunchStoryboardName = LaunchScreen;
				INFOPLIST_KEY_UISupportedInterfaceOrientations_iPad = "UIInterfaceOrientationPortrait UIInterfaceOrientationPortraitUpsideDown UIInterfaceOrientationLandscapeLeft UIInterfaceOrientationLandscapeRight";
				INFOPLIST_KEY_UISupportedInterfaceOrientations_iPhone = "UIInterfaceOrientationPortrait UIInterfaceOrientationLandscapeLeft UIInterfaceOrientationLandscapeRight";
				LD_RUNPATH_SEARCH_PATHS = (
					"$(inherited)",
					"@executable_path/Frameworks",
				);
				MARKETING_VERSION = 1.0;
				PRODUCT_BUNDLE_IDENTIFIER = mmm.FinalRecipeApp;
				PRODUCT_NAME = "$(TARGET_NAME)";
				SWIFT_EMIT_LOC_STRINGS = YES;
				SWIFT_VERSION = 5.0;
				TARGETED_DEVICE_FAMILY = "1,2";
			};
			name = Release;
		};
/* End XCBuildConfiguration section */

/* Begin XCConfigurationList section */
		39832BC82B57BBFF007232FA /* Build configuration list for PBXProject "FinalRecipeApp" */ = {
			isa = XCConfigurationList;
			buildConfigurations = (
				39832BDF2B57BC00007232FA /* Debug */,
				39832BE02B57BC00007232FA /* Release */,
			);
			defaultConfigurationIsVisible = 0;
			defaultConfigurationName = Release;
		};
		39832BE12B57BC00007232FA /* Build configuration list for PBXNativeTarget "FinalRecipeApp" */ = {
			isa = XCConfigurationList;
			buildConfigurations = (
				39832BE22B57BC00007232FA /* Debug */,
				39832BE32B57BC00007232FA /* Release */,
			);
			defaultConfigurationIsVisible = 0;
			defaultConfigurationName = Release;
		};
/* End XCConfigurationList section */
	};
	rootObject = 39832BC52B57BBFF007232FA /* Project object */;
}
