// !$*UTF8*$!
{
	archiveVersion = 1;
	classes = {
	};
	objectVersion = 56;
	objects = {

/* Begin PBXBuildFile section */
		39244F912B6FC7BD009934CC /* LaunchScreen.storyboard in Resources */ = {isa = PBXBuildFile; fileRef = 39244F902B6FC7BD009934CC /* LaunchScreen.storyboard */; };
		392D35812B66564700D29787 /* DetailsViewController.swift in Sources */ = {isa = PBXBuildFile; fileRef = 392D35802B66564700D29787 /* DetailsViewController.swift */; };
		392DCEED2B7A31EC009A5492 /* ColorBook.swift in Sources */ = {isa = PBXBuildFile; fileRef = 392DCEEC2B7A31EC009A5492 /* ColorBook.swift */; };
		392DCEEF2B7A3338009A5492 /* ImageBook.swift in Sources */ = {isa = PBXBuildFile; fileRef = 392DCEEE2B7A3338009A5492 /* ImageBook.swift */; };
		392DCEF22B7AA170009A5492 /* NetworkReachabilityService.swift in Sources */ = {isa = PBXBuildFile; fileRef = 392DCEF12B7AA170009A5492 /* NetworkReachabilityService.swift */; };
		39832BD12B57BBFF007232FA /* AppDelegate.swift in Sources */ = {isa = PBXBuildFile; fileRef = 39832BD02B57BBFF007232FA /* AppDelegate.swift */; };
		39832BD32B57BBFF007232FA /* SceneDelegate.swift in Sources */ = {isa = PBXBuildFile; fileRef = 39832BD22B57BBFF007232FA /* SceneDelegate.swift */; };
		39832BDA2B57BC00007232FA /* Assets.xcassets in Resources */ = {isa = PBXBuildFile; fileRef = 39832BD92B57BC00007232FA /* Assets.xcassets */; };
		39832BEE2B5A8C5E007232FA /* CategrorieTableViewCell.swift in Sources */ = {isa = PBXBuildFile; fileRef = 39832BED2B5A8C5E007232FA /* CategrorieTableViewCell.swift */; };
		39832BF02B5A9522007232FA /* Category.swift in Sources */ = {isa = PBXBuildFile; fileRef = 39832BEF2B5A9522007232FA /* Category.swift */; };
		39832BF22B5A9D12007232FA /* CategoriesViewController.swift in Sources */ = {isa = PBXBuildFile; fileRef = 39832BF12B5A9D12007232FA /* CategoriesViewController.swift */; };
		39832BF82B5AB4A0007232FA /* UIView+ShadowView.swift in Sources */ = {isa = PBXBuildFile; fileRef = 39832BF72B5AB4A0007232FA /* UIView+ShadowView.swift */; };
		39832BFD2B5D4DEE007232FA /* HeaderView.swift in Sources */ = {isa = PBXBuildFile; fileRef = 39832BFC2B5D4DEE007232FA /* HeaderView.swift */; };
		39832BFF2B5D666C007232FA /* CategoriesViewModel.swift in Sources */ = {isa = PBXBuildFile; fileRef = 39832BFE2B5D666C007232FA /* CategoriesViewModel.swift */; };
		39832C052B5EEDFB007232FA /* DishComponentView.swift in Sources */ = {isa = PBXBuildFile; fileRef = 39832C042B5EEDFB007232FA /* DishComponentView.swift */; };
		39832C072B5F0F76007232FA /* MainView.swift in Sources */ = {isa = PBXBuildFile; fileRef = 39832C062B5F0F76007232FA /* MainView.swift */; };
		398E4B6C2B6B94F100BE6310 /* DishCollectionViewCell.swift in Sources */ = {isa = PBXBuildFile; fileRef = 398E4B6B2B6B94F100BE6310 /* DishCollectionViewCell.swift */; };
		398E4B6F2B6B99A000BE6310 /* FavouritesViewController.swift in Sources */ = {isa = PBXBuildFile; fileRef = 398E4B6E2B6B99A000BE6310 /* FavouritesViewController.swift */; };
		398E4B722B6BDF9C00BE6310 /* FinalRecipeApp.xcdatamodeld in Sources */ = {isa = PBXBuildFile; fileRef = 398E4B702B6BDF9C00BE6310 /* FinalRecipeApp.xcdatamodeld */; };
		398E4BB82B6D737800BE6310 /* FavouritesViewModel.swift in Sources */ = {isa = PBXBuildFile; fileRef = 398E4BB72B6D737800BE6310 /* FavouritesViewModel.swift */; };
		398E4BCC2B6F993400BE6310 /* DetailsViewModel.swift in Sources */ = {isa = PBXBuildFile; fileRef = 398E4BCB2B6F993400BE6310 /* DetailsViewModel.swift */; };
		398E4BD12B6FB9BC00BE6310 /* CategoriesdetailsViewController.swift in Sources */ = {isa = PBXBuildFile; fileRef = 398E4BD02B6FB9BC00BE6310 /* CategoriesdetailsViewController.swift */; };
		398E4BD32B6FBA4D00BE6310 /* CategoriesDetailsViewModel.swift in Sources */ = {isa = PBXBuildFile; fileRef = 398E4BD22B6FBA4D00BE6310 /* CategoriesDetailsViewModel.swift */; };
		398E4BD72B6FC33900BE6310 /* UIViewController+Loader.swift in Sources */ = {isa = PBXBuildFile; fileRef = 398E4BD62B6FC33900BE6310 /* UIViewController+Loader.swift */; };
		39C69AFE2B5FD162000EA66C /* NetSwift in Frameworks */ = {isa = PBXBuildFile; productRef = 39C69AFD2B5FD162000EA66C /* NetSwift */; };
		39C69B002B5FD19E000EA66C /* DishModel.swift in Sources */ = {isa = PBXBuildFile; fileRef = 39C69AFF2B5FD19E000EA66C /* DishModel.swift */; };
		39C69B022B5FD43F000EA66C /* MainViewModel.swift in Sources */ = {isa = PBXBuildFile; fileRef = 39C69B012B5FD43F000EA66C /* MainViewModel.swift */; };
		39C69B052B5FDD3B000EA66C /* DishesService.swift in Sources */ = {isa = PBXBuildFile; fileRef = 39C69B042B5FDD3B000EA66C /* DishesService.swift */; };
		39C69B072B63CB4B000EA66C /* SearchBarComponentView.swift in Sources */ = {isa = PBXBuildFile; fileRef = 39C69B062B63CB4B000EA66C /* SearchBarComponentView.swift */; };
		39C69B092B63D128000EA66C /* TitleView.swift in Sources */ = {isa = PBXBuildFile; fileRef = 39C69B082B63D128000EA66C /* TitleView.swift */; };
		39DE5AF12B6FCC0200AAA8E2 /* CategoriesService.swift in Sources */ = {isa = PBXBuildFile; fileRef = 39DE5AF02B6FCC0200AAA8E2 /* CategoriesService.swift */; };
		39DE5AF92B71667000AAA8E2 /* NotificationCenter+Extensions.swift in Sources */ = {isa = PBXBuildFile; fileRef = 39DE5AF82B71667000AAA8E2 /* NotificationCenter+Extensions.swift */; };
		39DE5AFC2B7171A300AAA8E2 /* FavouritesRepository.swift in Sources */ = {isa = PBXBuildFile; fileRef = 39DE5AFB2B7171A300AAA8E2 /* FavouritesRepository.swift */; };
		39DE5B002B72BB1E00AAA8E2 /* GoogleMaps in Frameworks */ = {isa = PBXBuildFile; productRef = 39DE5AFF2B72BB1E00AAA8E2 /* GoogleMaps */; };
		39DE5B022B72BB1E00AAA8E2 /* GoogleMapsBase in Frameworks */ = {isa = PBXBuildFile; productRef = 39DE5B012B72BB1E00AAA8E2 /* GoogleMapsBase */; };
		39DE5B042B72BB1E00AAA8E2 /* GoogleMapsCore in Frameworks */ = {isa = PBXBuildFile; productRef = 39DE5B032B72BB1E00AAA8E2 /* GoogleMapsCore */; };
		39DE5B062B72BB1E00AAA8E2 /* GoogleMapsM4B in Frameworks */ = {isa = PBXBuildFile; productRef = 39DE5B052B72BB1E00AAA8E2 /* GoogleMapsM4B */; };
		39DE5B0A2B72BBFB00AAA8E2 /* MapViewController.swift in Sources */ = {isa = PBXBuildFile; fileRef = 39DE5B082B72BBFB00AAA8E2 /* MapViewController.swift */; };
		39DE5B0E2B72BCAB00AAA8E2 /* MapViewModel.swift in Sources */ = {isa = PBXBuildFile; fileRef = 39DE5B0D2B72BCAB00AAA8E2 /* MapViewModel.swift */; };
/* End PBXBuildFile section */

/* Begin PBXFileReference section */
		39244F902B6FC7BD009934CC /* LaunchScreen.storyboard */ = {isa = PBXFileReference; lastKnownFileType = file.storyboard; path = LaunchScreen.storyboard; sourceTree = "<group>"; };
		392D35802B66564700D29787 /* DetailsViewController.swift */ = {isa = PBXFileReference; lastKnownFileType = sourcecode.swift; path = DetailsViewController.swift; sourceTree = "<group>"; };
		392DCEEC2B7A31EC009A5492 /* ColorBook.swift */ = {isa = PBXFileReference; lastKnownFileType = sourcecode.swift; path = ColorBook.swift; sourceTree = "<group>"; };
		392DCEEE2B7A3338009A5492 /* ImageBook.swift */ = {isa = PBXFileReference; lastKnownFileType = sourcecode.swift; path = ImageBook.swift; sourceTree = "<group>"; };
		392DCEF12B7AA170009A5492 /* NetworkReachabilityService.swift */ = {isa = PBXFileReference; fileEncoding = 4; lastKnownFileType = sourcecode.swift; path = NetworkReachabilityService.swift; sourceTree = "<group>"; };
		39832BCD2B57BBFF007232FA /* FinalRecipeApp.app */ = {isa = PBXFileReference; explicitFileType = wrapper.application; includeInIndex = 0; path = FinalRecipeApp.app; sourceTree = BUILT_PRODUCTS_DIR; };
		39832BD02B57BBFF007232FA /* AppDelegate.swift */ = {isa = PBXFileReference; lastKnownFileType = sourcecode.swift; path = AppDelegate.swift; sourceTree = "<group>"; };
		39832BD22B57BBFF007232FA /* SceneDelegate.swift */ = {isa = PBXFileReference; lastKnownFileType = sourcecode.swift; path = SceneDelegate.swift; sourceTree = "<group>"; };
		39832BD92B57BC00007232FA /* Assets.xcassets */ = {isa = PBXFileReference; lastKnownFileType = folder.assetcatalog; path = Assets.xcassets; sourceTree = "<group>"; };
		39832BDE2B57BC00007232FA /* Info.plist */ = {isa = PBXFileReference; lastKnownFileType = text.plist.xml; path = Info.plist; sourceTree = "<group>"; };
		39832BED2B5A8C5E007232FA /* CategrorieTableViewCell.swift */ = {isa = PBXFileReference; lastKnownFileType = sourcecode.swift; path = CategrorieTableViewCell.swift; sourceTree = "<group>"; };
		39832BEF2B5A9522007232FA /* Category.swift */ = {isa = PBXFileReference; lastKnownFileType = sourcecode.swift; path = Category.swift; sourceTree = "<group>"; };
		39832BF12B5A9D12007232FA /* CategoriesViewController.swift */ = {isa = PBXFileReference; lastKnownFileType = sourcecode.swift; path = CategoriesViewController.swift; sourceTree = "<group>"; };
		39832BF72B5AB4A0007232FA /* UIView+ShadowView.swift */ = {isa = PBXFileReference; lastKnownFileType = sourcecode.swift; path = "UIView+ShadowView.swift"; sourceTree = "<group>"; };
		39832BFC2B5D4DEE007232FA /* HeaderView.swift */ = {isa = PBXFileReference; lastKnownFileType = sourcecode.swift; path = HeaderView.swift; sourceTree = "<group>"; };
		39832BFE2B5D666C007232FA /* CategoriesViewModel.swift */ = {isa = PBXFileReference; lastKnownFileType = sourcecode.swift; path = CategoriesViewModel.swift; sourceTree = "<group>"; };
		39832C042B5EEDFB007232FA /* DishComponentView.swift */ = {isa = PBXFileReference; lastKnownFileType = sourcecode.swift; path = DishComponentView.swift; sourceTree = "<group>"; };
		39832C062B5F0F76007232FA /* MainView.swift */ = {isa = PBXFileReference; lastKnownFileType = sourcecode.swift; path = MainView.swift; sourceTree = "<group>"; };
		398E4B6B2B6B94F100BE6310 /* DishCollectionViewCell.swift */ = {isa = PBXFileReference; lastKnownFileType = sourcecode.swift; path = DishCollectionViewCell.swift; sourceTree = "<group>"; };
		398E4B6E2B6B99A000BE6310 /* FavouritesViewController.swift */ = {isa = PBXFileReference; lastKnownFileType = sourcecode.swift; path = FavouritesViewController.swift; sourceTree = "<group>"; };
		398E4B712B6BDF9C00BE6310 /* FinalRecipeApp.xcdatamodel */ = {isa = PBXFileReference; lastKnownFileType = wrapper.xcdatamodel; path = FinalRecipeApp.xcdatamodel; sourceTree = "<group>"; };
		398E4BB72B6D737800BE6310 /* FavouritesViewModel.swift */ = {isa = PBXFileReference; lastKnownFileType = sourcecode.swift; path = FavouritesViewModel.swift; sourceTree = "<group>"; };
		398E4BCB2B6F993400BE6310 /* DetailsViewModel.swift */ = {isa = PBXFileReference; lastKnownFileType = sourcecode.swift; path = DetailsViewModel.swift; sourceTree = "<group>"; };
		398E4BD02B6FB9BC00BE6310 /* CategoriesdetailsViewController.swift */ = {isa = PBXFileReference; lastKnownFileType = sourcecode.swift; path = CategoriesdetailsViewController.swift; sourceTree = "<group>"; };
		398E4BD22B6FBA4D00BE6310 /* CategoriesDetailsViewModel.swift */ = {isa = PBXFileReference; lastKnownFileType = sourcecode.swift; path = CategoriesDetailsViewModel.swift; sourceTree = "<group>"; };
		398E4BD62B6FC33900BE6310 /* UIViewController+Loader.swift */ = {isa = PBXFileReference; lastKnownFileType = sourcecode.swift; path = "UIViewController+Loader.swift"; sourceTree = "<group>"; };
		39C69AFF2B5FD19E000EA66C /* DishModel.swift */ = {isa = PBXFileReference; lastKnownFileType = sourcecode.swift; path = DishModel.swift; sourceTree = "<group>"; };
		39C69B012B5FD43F000EA66C /* MainViewModel.swift */ = {isa = PBXFileReference; lastKnownFileType = sourcecode.swift; path = MainViewModel.swift; sourceTree = "<group>"; };
		39C69B042B5FDD3B000EA66C /* DishesService.swift */ = {isa = PBXFileReference; lastKnownFileType = sourcecode.swift; path = DishesService.swift; sourceTree = "<group>"; };
		39C69B062B63CB4B000EA66C /* SearchBarComponentView.swift */ = {isa = PBXFileReference; lastKnownFileType = sourcecode.swift; path = SearchBarComponentView.swift; sourceTree = "<group>"; };
		39C69B082B63D128000EA66C /* TitleView.swift */ = {isa = PBXFileReference; lastKnownFileType = sourcecode.swift; path = TitleView.swift; sourceTree = "<group>"; };
		39DE5AF02B6FCC0200AAA8E2 /* CategoriesService.swift */ = {isa = PBXFileReference; lastKnownFileType = sourcecode.swift; path = CategoriesService.swift; sourceTree = "<group>"; };
		39DE5AF82B71667000AAA8E2 /* NotificationCenter+Extensions.swift */ = {isa = PBXFileReference; lastKnownFileType = sourcecode.swift; path = "NotificationCenter+Extensions.swift"; sourceTree = "<group>"; };
		39DE5AFB2B7171A300AAA8E2 /* FavouritesRepository.swift */ = {isa = PBXFileReference; lastKnownFileType = sourcecode.swift; path = FavouritesRepository.swift; sourceTree = "<group>"; };
		39DE5B082B72BBFB00AAA8E2 /* MapViewController.swift */ = {isa = PBXFileReference; lastKnownFileType = sourcecode.swift; path = MapViewController.swift; sourceTree = "<group>"; };
		39DE5B0D2B72BCAB00AAA8E2 /* MapViewModel.swift */ = {isa = PBXFileReference; lastKnownFileType = sourcecode.swift; path = MapViewModel.swift; sourceTree = "<group>"; };
/* End PBXFileReference section */

/* Begin PBXFrameworksBuildPhase section */
		39832BCA2B57BBFF007232FA /* Frameworks */ = {
			isa = PBXFrameworksBuildPhase;
			buildActionMask = 2147483647;
			files = (
				39DE5B022B72BB1E00AAA8E2 /* GoogleMapsBase in Frameworks */,
				39DE5B042B72BB1E00AAA8E2 /* GoogleMapsCore in Frameworks */,
				39DE5B002B72BB1E00AAA8E2 /* GoogleMaps in Frameworks */,
				39DE5B062B72BB1E00AAA8E2 /* GoogleMapsM4B in Frameworks */,
				39C69AFE2B5FD162000EA66C /* NetSwift in Frameworks */,
			);
			runOnlyForDeploymentPostprocessing = 0;
		};
/* End PBXFrameworksBuildPhase section */

/* Begin PBXGroup section */
		392D357F2B66507000D29787 /* Details */ = {
			isa = PBXGroup;
			children = (
				392D35802B66564700D29787 /* DetailsViewController.swift */,
				398E4BCB2B6F993400BE6310 /* DetailsViewModel.swift */,
			);
			path = Details;
			sourceTree = "<group>";
		};
		392DCEF02B7AA170009A5492 /* Reachibility */ = {
			isa = PBXGroup;
			children = (
				392DCEF12B7AA170009A5492 /* NetworkReachabilityService.swift */,
			);
			path = Reachibility;
			sourceTree = "<group>";
		};
		39832BC42B57BBFF007232FA = {
			isa = PBXGroup;
			children = (
				39832BCF2B57BBFF007232FA /* FinalRecipeApp */,
				39832BCE2B57BBFF007232FA /* Products */,
			);
			sourceTree = "<group>";
		};
		39832BCE2B57BBFF007232FA /* Products */ = {
			isa = PBXGroup;
			children = (
				39832BCD2B57BBFF007232FA /* FinalRecipeApp.app */,
			);
			name = Products;
			sourceTree = "<group>";
		};
		39832BCF2B57BBFF007232FA /* FinalRecipeApp */ = {
			isa = PBXGroup;
			children = (
				39832BE42B57BC0E007232FA /* ApplicationLayer */,
				398E4BDB2B6FC60100BE6310 /* Modules */,
				398E4BD52B6FBED600BE6310 /* Common */,
				39DE5AEF2B6FCADC00AAA8E2 /* Backend */,
				398E4BDC2B6FC63400BE6310 /* Resources */,
				398E4BDD2B6FC6A500BE6310 /* SupportingFiles */,
				398E4B702B6BDF9C00BE6310 /* FinalRecipeApp.xcdatamodeld */,
			);
			path = FinalRecipeApp;
			sourceTree = "<group>";
		};
		39832BE42B57BC0E007232FA /* ApplicationLayer */ = {
			isa = PBXGroup;
			children = (
				39832BD02B57BBFF007232FA /* AppDelegate.swift */,
				39832BD22B57BBFF007232FA /* SceneDelegate.swift */,
			);
			path = ApplicationLayer;
			sourceTree = "<group>";
		};
		39832BEA2B59DCAE007232FA /* Categories */ = {
			isa = PBXGroup;
			children = (
				398E4BCD2B6FB92200BE6310 /* Categoriesdetail */,
				398E4BD82B6FC50000BE6310 /* Categories */,
			);
			path = Categories;
			sourceTree = "<group>";
		};
		39832BF52B5AB473007232FA /* Models */ = {
			isa = PBXGroup;
			children = (
				39832BEF2B5A9522007232FA /* Category.swift */,
				39C69AFF2B5FD19E000EA66C /* DishModel.swift */,
			);
			path = Models;
			sourceTree = "<group>";
		};
		39832BF62B5AB487007232FA /* UIComponents */ = {
			isa = PBXGroup;
			children = (
				39C69B082B63D128000EA66C /* TitleView.swift */,
				39832BFC2B5D4DEE007232FA /* HeaderView.swift */,
				39832C042B5EEDFB007232FA /* DishComponentView.swift */,
				39C69B062B63CB4B000EA66C /* SearchBarComponentView.swift */,
			);
			path = UIComponents;
			sourceTree = "<group>";
		};
		39832BF92B5D4C75007232FA /* Extensions */ = {
			isa = PBXGroup;
			children = (
				39832BF72B5AB4A0007232FA /* UIView+ShadowView.swift */,
				398E4BD62B6FC33900BE6310 /* UIViewController+Loader.swift */,
				39DE5AF82B71667000AAA8E2 /* NotificationCenter+Extensions.swift */,
			);
			path = Extensions;
			sourceTree = "<group>";
		};
		39832C002B5D667B007232FA /* CategorieTableViewCelll */ = {
			isa = PBXGroup;
			children = (
				39832BED2B5A8C5E007232FA /* CategrorieTableViewCell.swift */,
			);
			path = CategorieTableViewCelll;
			sourceTree = "<group>";
		};
		398E4B6A2B6B94A700BE6310 /* Favourites */ = {
			isa = PBXGroup;
			children = (
				398E4B6E2B6B99A000BE6310 /* FavouritesViewController.swift */,
				398E4BB72B6D737800BE6310 /* FavouritesViewModel.swift */,
			);
			path = Favourites;
			sourceTree = "<group>";
		};
		398E4BCD2B6FB92200BE6310 /* Categoriesdetail */ = {
			isa = PBXGroup;
			children = (
				398E4BD02B6FB9BC00BE6310 /* CategoriesdetailsViewController.swift */,
				398E4BD22B6FBA4D00BE6310 /* CategoriesDetailsViewModel.swift */,
			);
			path = Categoriesdetail;
			sourceTree = "<group>";
		};
		398E4BD52B6FBED600BE6310 /* Common */ = {
			isa = PBXGroup;
			children = (
				392DCEF02B7AA170009A5492 /* Reachibility */,
				39DE5AFD2B7171B400AAA8E2 /* CoreData */,
				39DE5AF42B71650C00AAA8E2 /* Components */,
				39832BF92B5D4C75007232FA /* Extensions */,
			);
			path = Common;
			sourceTree = "<group>";
		};
		398E4BD82B6FC50000BE6310 /* Categories */ = {
			isa = PBXGroup;
			children = (
				39832C002B5D667B007232FA /* CategorieTableViewCelll */,
				39832BF12B5A9D12007232FA /* CategoriesViewController.swift */,
				39832BFE2B5D666C007232FA /* CategoriesViewModel.swift */,
			);
			path = Categories;
			sourceTree = "<group>";
		};
		398E4BD92B6FC53900BE6310 /* Main */ = {
			isa = PBXGroup;
			children = (
				39832C062B5F0F76007232FA /* MainView.swift */,
				39C69B012B5FD43F000EA66C /* MainViewModel.swift */,
			);
			path = Main;
			sourceTree = "<group>";
		};
		398E4BDA2B6FC57800BE6310 /* CollectionViews */ = {
			isa = PBXGroup;
			children = (
				398E4B6B2B6B94F100BE6310 /* DishCollectionViewCell.swift */,
			);
			path = CollectionViews;
			sourceTree = "<group>";
		};
		398E4BDB2B6FC60100BE6310 /* Modules */ = {
			isa = PBXGroup;
			children = (
				398E4BD92B6FC53900BE6310 /* Main */,
				398E4B6A2B6B94A700BE6310 /* Favourites */,
				39832BEA2B59DCAE007232FA /* Categories */,
				39DE5B072B72BB7A00AAA8E2 /* Common */,
			);
			path = Modules;
			sourceTree = "<group>";
		};
		398E4BDC2B6FC63400BE6310 /* Resources */ = {
			isa = PBXGroup;
			children = (
				392DCEEE2B7A3338009A5492 /* ImageBook.swift */,
				392DCEEC2B7A31EC009A5492 /* ColorBook.swift */,
				39244F902B6FC7BD009934CC /* LaunchScreen.storyboard */,
				39832BD92B57BC00007232FA /* Assets.xcassets */,
			);
			path = Resources;
			sourceTree = "<group>";
		};
		398E4BDD2B6FC6A500BE6310 /* SupportingFiles */ = {
			isa = PBXGroup;
			children = (
				39832BDE2B57BC00007232FA /* Info.plist */,
			);
			path = SupportingFiles;
			sourceTree = "<group>";
		};
		39C69B032B5FDD18000EA66C /* Services */ = {
			isa = PBXGroup;
			children = (
				39C69B042B5FDD3B000EA66C /* DishesService.swift */,
				39DE5AF02B6FCC0200AAA8E2 /* CategoriesService.swift */,
			);
			path = Services;
			sourceTree = "<group>";
		};
		39DE5AEF2B6FCADC00AAA8E2 /* Backend */ = {
			isa = PBXGroup;
			children = (
				39832BF52B5AB473007232FA /* Models */,
				39C69B032B5FDD18000EA66C /* Services */,
			);
			path = Backend;
			sourceTree = "<group>";
		};
		39DE5AF42B71650C00AAA8E2 /* Components */ = {
			isa = PBXGroup;
			children = (
				39832BF62B5AB487007232FA /* UIComponents */,
				398E4BDA2B6FC57800BE6310 /* CollectionViews */,
			);
			path = Components;
			sourceTree = "<group>";
		};
		39DE5AFD2B7171B400AAA8E2 /* CoreData */ = {
			isa = PBXGroup;
			children = (
				39DE5AFB2B7171A300AAA8E2 /* FavouritesRepository.swift */,
			);
			path = CoreData;
			sourceTree = "<group>";
		};
		39DE5B072B72BB7A00AAA8E2 /* Common */ = {
			isa = PBXGroup;
			children = (
				392D357F2B66507000D29787 /* Details */,
				39DE5B0C2B72BC0000AAA8E2 /* Map */,
			);
			path = Common;
			sourceTree = "<group>";
		};
		39DE5B0C2B72BC0000AAA8E2 /* Map */ = {
			isa = PBXGroup;
			children = (
				39DE5B082B72BBFB00AAA8E2 /* MapViewController.swift */,
				39DE5B0D2B72BCAB00AAA8E2 /* MapViewModel.swift */,
			);
			path = Map;
			sourceTree = "<group>";
		};
/* End PBXGroup section */

/* Begin PBXNativeTarget section */
		39832BCC2B57BBFF007232FA /* FinalRecipeApp */ = {
			isa = PBXNativeTarget;
			buildConfigurationList = 39832BE12B57BC00007232FA /* Build configuration list for PBXNativeTarget "FinalRecipeApp" */;
			buildPhases = (
				39832BC92B57BBFF007232FA /* Sources */,
				39832BCA2B57BBFF007232FA /* Frameworks */,
				39832BCB2B57BBFF007232FA /* Resources */,
			);
			buildRules = (
			);
			dependencies = (
			);
			name = FinalRecipeApp;
			packageProductDependencies = (
				39C69AFD2B5FD162000EA66C /* NetSwift */,
				39DE5AFF2B72BB1E00AAA8E2 /* GoogleMaps */,
				39DE5B012B72BB1E00AAA8E2 /* GoogleMapsBase */,
				39DE5B032B72BB1E00AAA8E2 /* GoogleMapsCore */,
				39DE5B052B72BB1E00AAA8E2 /* GoogleMapsM4B */,
			);
			productName = FinalRecipeApp;
			productReference = 39832BCD2B57BBFF007232FA /* FinalRecipeApp.app */;
			productType = "com.apple.product-type.application";
		};
/* End PBXNativeTarget section */

/* Begin PBXProject section */
		39832BC52B57BBFF007232FA /* Project object */ = {
			isa = PBXProject;
			attributes = {
				BuildIndependentTargetsInParallel = 1;
				LastSwiftUpdateCheck = 1500;
				LastUpgradeCheck = 1500;
				TargetAttributes = {
					39832BCC2B57BBFF007232FA = {
						CreatedOnToolsVersion = 15.0.1;
					};
				};
			};
			buildConfigurationList = 39832BC82B57BBFF007232FA /* Build configuration list for PBXProject "FinalRecipeApp" */;
			compatibilityVersion = "Xcode 14.0";
			developmentRegion = en;
			hasScannedForEncodings = 0;
			knownRegions = (
				en,
				Base,
			);
			mainGroup = 39832BC42B57BBFF007232FA;
			packageReferences = (
				39C69AFC2B5FD162000EA66C /* XCRemoteSwiftPackageReference "package" */,
				39DE5AFE2B72BB1E00AAA8E2 /* XCRemoteSwiftPackageReference "ios-maps-sdk" */,
			);
			productRefGroup = 39832BCE2B57BBFF007232FA /* Products */;
			projectDirPath = "";
			projectRoot = "";
			targets = (
				39832BCC2B57BBFF007232FA /* FinalRecipeApp */,
			);
		};
/* End PBXProject section */

/* Begin PBXResourcesBuildPhase section */
		39832BCB2B57BBFF007232FA /* Resources */ = {
			isa = PBXResourcesBuildPhase;
			buildActionMask = 2147483647;
			files = (
				39832BDA2B57BC00007232FA /* Assets.xcassets in Resources */,
				39244F912B6FC7BD009934CC /* LaunchScreen.storyboard in Resources */,
			);
			runOnlyForDeploymentPostprocessing = 0;
		};
/* End PBXResourcesBuildPhase section */

/* Begin PBXSourcesBuildPhase section */
		39832BC92B57BBFF007232FA /* Sources */ = {
			isa = PBXSourcesBuildPhase;
			buildActionMask = 2147483647;
			files = (
				39DE5B0E2B72BCAB00AAA8E2 /* MapViewModel.swift in Sources */,
				39832C072B5F0F76007232FA /* MainView.swift in Sources */,
				39DE5AF92B71667000AAA8E2 /* NotificationCenter+Extensions.swift in Sources */,
				39DE5AFC2B7171A300AAA8E2 /* FavouritesRepository.swift in Sources */,
				39832BF02B5A9522007232FA /* Category.swift in Sources */,
				39832BEE2B5A8C5E007232FA /* CategrorieTableViewCell.swift in Sources */,
				392DCEED2B7A31EC009A5492 /* ColorBook.swift in Sources */,
				39832BD12B57BBFF007232FA /* AppDelegate.swift in Sources */,
				39C69B092B63D128000EA66C /* TitleView.swift in Sources */,
				398E4B6C2B6B94F100BE6310 /* DishCollectionViewCell.swift in Sources */,
				398E4BB82B6D737800BE6310 /* FavouritesViewModel.swift in Sources */,
				39DE5AF12B6FCC0200AAA8E2 /* CategoriesService.swift in Sources */,
				39C69B052B5FDD3B000EA66C /* DishesService.swift in Sources */,
				398E4BD12B6FB9BC00BE6310 /* CategoriesdetailsViewController.swift in Sources */,
				39DE5B0A2B72BBFB00AAA8E2 /* MapViewController.swift in Sources */,
				39C69B022B5FD43F000EA66C /* MainViewModel.swift in Sources */,
				39832BF82B5AB4A0007232FA /* UIView+ShadowView.swift in Sources */,
				398E4BCC2B6F993400BE6310 /* DetailsViewModel.swift in Sources */,
				398E4BD72B6FC33900BE6310 /* UIViewController+Loader.swift in Sources */,
				398E4B722B6BDF9C00BE6310 /* FinalRecipeApp.xcdatamodeld in Sources */,
				39C69B072B63CB4B000EA66C /* SearchBarComponentView.swift in Sources */,
				392D35812B66564700D29787 /* DetailsViewController.swift in Sources */,
				398E4BD32B6FBA4D00BE6310 /* CategoriesDetailsViewModel.swift in Sources */,
				398E4B6F2B6B99A000BE6310 /* FavouritesViewController.swift in Sources */,
				39832BFD2B5D4DEE007232FA /* HeaderView.swift in Sources */,
				392DCEEF2B7A3338009A5492 /* ImageBook.swift in Sources */,
				39832BD32B57BBFF007232FA /* SceneDelegate.swift in Sources */,
				39832BF22B5A9D12007232FA /* CategoriesViewController.swift in Sources */,
				39C69B002B5FD19E000EA66C /* DishModel.swift in Sources */,
				39832BFF2B5D666C007232FA /* CategoriesViewModel.swift in Sources */,
				39832C052B5EEDFB007232FA /* DishComponentView.swift in Sources */,
				392DCEF22B7AA170009A5492 /* NetworkReachabilityService.swift in Sources */,
			);
			runOnlyForDeploymentPostprocessing = 0;
		};
/* End PBXSourcesBuildPhase section */

/* Begin XCBuildConfiguration section */
		39832BDF2B57BC00007232FA /* Debug */ = {
			isa = XCBuildConfiguration;
			buildSettings = {
				ALWAYS_SEARCH_USER_PATHS = NO;
				ASSETCATALOG_COMPILER_GENERATE_SWIFT_ASSET_SYMBOL_EXTENSIONS = YES;
				CLANG_ANALYZER_NONNULL = YES;
				CLANG_ANALYZER_NUMBER_OBJECT_CONVERSION = YES_AGGRESSIVE;
				CLANG_CXX_LANGUAGE_STANDARD = "gnu++20";
				CLANG_ENABLE_MODULES = YES;
				CLANG_ENABLE_OBJC_ARC = YES;
				CLANG_ENABLE_OBJC_WEAK = YES;
				CLANG_WARN_BLOCK_CAPTURE_AUTORELEASING = YES;
				CLANG_WARN_BOOL_CONVERSION = YES;
				CLANG_WARN_COMMA = YES;
				CLANG_WARN_CONSTANT_CONVERSION = YES;
				CLANG_WARN_DEPRECATED_OBJC_IMPLEMENTATIONS = YES;
				CLANG_WARN_DIRECT_OBJC_ISA_USAGE = YES_ERROR;
				CLANG_WARN_DOCUMENTATION_COMMENTS = YES;
				CLANG_WARN_EMPTY_BODY = YES;
				CLANG_WARN_ENUM_CONVERSION = YES;
				CLANG_WARN_INFINITE_RECURSION = YES;
				CLANG_WARN_INT_CONVERSION = YES;
				CLANG_WARN_NON_LITERAL_NULL_CONVERSION = YES;
				CLANG_WARN_OBJC_IMPLICIT_RETAIN_SELF = YES;
				CLANG_WARN_OBJC_LITERAL_CONVERSION = YES;
				CLANG_WARN_OBJC_ROOT_CLASS = YES_ERROR;
				CLANG_WARN_QUOTED_INCLUDE_IN_FRAMEWORK_HEADER = YES;
				CLANG_WARN_RANGE_LOOP_ANALYSIS = YES;
				CLANG_WARN_STRICT_PROTOTYPES = YES;
				CLANG_WARN_SUSPICIOUS_MOVE = YES;
				CLANG_WARN_UNGUARDED_AVAILABILITY = YES_AGGRESSIVE;
				CLANG_WARN_UNREACHABLE_CODE = YES;
				CLANG_WARN__DUPLICATE_METHOD_MATCH = YES;
				COPY_PHASE_STRIP = NO;
				DEBUG_INFORMATION_FORMAT = dwarf;
				ENABLE_STRICT_OBJC_MSGSEND = YES;
				ENABLE_TESTABILITY = YES;
				ENABLE_USER_SCRIPT_SANDBOXING = YES;
				GCC_C_LANGUAGE_STANDARD = gnu17;
				GCC_DYNAMIC_NO_PIC = NO;
				GCC_NO_COMMON_BLOCKS = YES;
				GCC_OPTIMIZATION_LEVEL = 0;
				GCC_PREPROCESSOR_DEFINITIONS = (
					"DEBUG=1",
					"$(inherited)",
				);
				GCC_WARN_64_TO_32_BIT_CONVERSION = YES;
				GCC_WARN_ABOUT_RETURN_TYPE = YES_ERROR;
				GCC_WARN_UNDECLARED_SELECTOR = YES;
				GCC_WARN_UNINITIALIZED_AUTOS = YES_AGGRESSIVE;
				GCC_WARN_UNUSED_FUNCTION = YES;
				GCC_WARN_UNUSED_VARIABLE = YES;
				IPHONEOS_DEPLOYMENT_TARGET = 17.0;
				LOCALIZATION_PREFERS_STRING_CATALOGS = YES;
				MTL_ENABLE_DEBUG_INFO = INCLUDE_SOURCE;
				MTL_FAST_MATH = YES;
				ONLY_ACTIVE_ARCH = YES;
				SDKROOT = iphoneos;
				SWIFT_ACTIVE_COMPILATION_CONDITIONS = "DEBUG $(inherited)";
				SWIFT_OPTIMIZATION_LEVEL = "-Onone";
			};
			name = Debug;
		};
		39832BE02B57BC00007232FA /* Release */ = {
			isa = XCBuildConfiguration;
			buildSettings = {
				ALWAYS_SEARCH_USER_PATHS = NO;
				ASSETCATALOG_COMPILER_GENERATE_SWIFT_ASSET_SYMBOL_EXTENSIONS = YES;
				CLANG_ANALYZER_NONNULL = YES;
				CLANG_ANALYZER_NUMBER_OBJECT_CONVERSION = YES_AGGRESSIVE;
				CLANG_CXX_LANGUAGE_STANDARD = "gnu++20";
				CLANG_ENABLE_MODULES = YES;
				CLANG_ENABLE_OBJC_ARC = YES;
				CLANG_ENABLE_OBJC_WEAK = YES;
				CLANG_WARN_BLOCK_CAPTURE_AUTORELEASING = YES;
				CLANG_WARN_BOOL_CONVERSION = YES;
				CLANG_WARN_COMMA = YES;
				CLANG_WARN_CONSTANT_CONVERSION = YES;
				CLANG_WARN_DEPRECATED_OBJC_IMPLEMENTATIONS = YES;
				CLANG_WARN_DIRECT_OBJC_ISA_USAGE = YES_ERROR;
				CLANG_WARN_DOCUMENTATION_COMMENTS = YES;
				CLANG_WARN_EMPTY_BODY = YES;
				CLANG_WARN_ENUM_CONVERSION = YES;
				CLANG_WARN_INFINITE_RECURSION = YES;
				CLANG_WARN_INT_CONVERSION = YES;
				CLANG_WARN_NON_LITERAL_NULL_CONVERSION = YES;
				CLANG_WARN_OBJC_IMPLICIT_RETAIN_SELF = YES;
				CLANG_WARN_OBJC_LITERAL_CONVERSION = YES;
				CLANG_WARN_OBJC_ROOT_CLASS = YES_ERROR;
				CLANG_WARN_QUOTED_INCLUDE_IN_FRAMEWORK_HEADER = YES;
				CLANG_WARN_RANGE_LOOP_ANALYSIS = YES;
				CLANG_WARN_STRICT_PROTOTYPES = YES;
				CLANG_WARN_SUSPICIOUS_MOVE = YES;
				CLANG_WARN_UNGUARDED_AVAILABILITY = YES_AGGRESSIVE;
				CLANG_WARN_UNREACHABLE_CODE = YES;
				CLANG_WARN__DUPLICATE_METHOD_MATCH = YES;
				COPY_PHASE_STRIP = NO;
				DEBUG_INFORMATION_FORMAT = "dwarf-with-dsym";
				ENABLE_NS_ASSERTIONS = NO;
				ENABLE_STRICT_OBJC_MSGSEND = YES;
				ENABLE_USER_SCRIPT_SANDBOXING = YES;
				GCC_C_LANGUAGE_STANDARD = gnu17;
				GCC_NO_COMMON_BLOCKS = YES;
				GCC_WARN_64_TO_32_BIT_CONVERSION = YES;
				GCC_WARN_ABOUT_RETURN_TYPE = YES_ERROR;
				GCC_WARN_UNDECLARED_SELECTOR = YES;
				GCC_WARN_UNINITIALIZED_AUTOS = YES_AGGRESSIVE;
				GCC_WARN_UNUSED_FUNCTION = YES;
				GCC_WARN_UNUSED_VARIABLE = YES;
				IPHONEOS_DEPLOYMENT_TARGET = 17.0;
				LOCALIZATION_PREFERS_STRING_CATALOGS = YES;
				MTL_ENABLE_DEBUG_INFO = NO;
				MTL_FAST_MATH = YES;
				SDKROOT = iphoneos;
				SWIFT_COMPILATION_MODE = wholemodule;
				VALIDATE_PRODUCT = YES;
			};
			name = Release;
		};
		39832BE22B57BC00007232FA /* Debug */ = {
			isa = XCBuildConfiguration;
			buildSettings = {
				ASSETCATALOG_COMPILER_APPICON_NAME = AppIcon;
				ASSETCATALOG_COMPILER_GLOBAL_ACCENT_COLOR_NAME = AccentColor;
				ASSETCATALOG_COMPILER_INCLUDE_ALL_APPICON_ASSETS = NO;
				CODE_SIGN_STYLE = Automatic;
				CURRENT_PROJECT_VERSION = 1;
				DEVELOPMENT_TEAM = VK8W64RM87;
				GENERATE_INFOPLIST_FILE = YES;
				INFOPLIST_FILE = FinalRecipeApp/SupportingFiles/Info.plist;
				INFOPLIST_KEY_UIApplicationSupportsIndirectInputEvents = YES;
				INFOPLIST_KEY_UILaunchStoryboardName = LaunchScreen.storyboard;
				INFOPLIST_KEY_UISupportedInterfaceOrientations = UIInterfaceOrientationPortrait;
				INFOPLIST_KEY_UISupportedInterfaceOrientations_iPad = "UIInterfaceOrientationPortrait UIInterfaceOrientationPortraitUpsideDown";
				IPHONEOS_DEPLOYMENT_TARGET = 16.0;
				LD_RUNPATH_SEARCH_PATHS = (
					"$(inherited)",
					"@executable_path/Frameworks",
				);
				MARKETING_VERSION = 1.0;
				PRODUCT_BUNDLE_IDENTIFIER = mmm.FinalRecipeApp;
				PRODUCT_NAME = "$(TARGET_NAME)";
				SWIFT_EMIT_LOC_STRINGS = YES;
				SWIFT_VERSION = 5.0;
				TARGETED_DEVICE_FAMILY = "1,2";
			};
			name = Debug;
		};
		39832BE32B57BC00007232FA /* Release */ = {
			isa = XCBuildConfiguration;
			buildSettings = {
				ASSETCATALOG_COMPILER_APPICON_NAME = AppIcon;
				ASSETCATALOG_COMPILER_GLOBAL_ACCENT_COLOR_NAME = AccentColor;
				ASSETCATALOG_COMPILER_INCLUDE_ALL_APPICON_ASSETS = NO;
				CODE_SIGN_STYLE = Automatic;
				CURRENT_PROJECT_VERSION = 1;
				DEVELOPMENT_TEAM = VK8W64RM87;
				GENERATE_INFOPLIST_FILE = YES;
				INFOPLIST_FILE = FinalRecipeApp/SupportingFiles/Info.plist;
				INFOPLIST_KEY_UIApplicationSupportsIndirectInputEvents = YES;
				INFOPLIST_KEY_UILaunchStoryboardName = LaunchScreen.storyboard;
				INFOPLIST_KEY_UISupportedInterfaceOrientations = UIInterfaceOrientationPortrait;
				INFOPLIST_KEY_UISupportedInterfaceOrientations_iPad = "UIInterfaceOrientationPortrait UIInterfaceOrientationPortraitUpsideDown";
				IPHONEOS_DEPLOYMENT_TARGET = 16.0;
				LD_RUNPATH_SEARCH_PATHS = (
					"$(inherited)",
					"@executable_path/Frameworks",
				);
				MARKETING_VERSION = 1.0;
				PRODUCT_BUNDLE_IDENTIFIER = mmm.FinalRecipeApp;
				PRODUCT_NAME = "$(TARGET_NAME)";
				SWIFT_EMIT_LOC_STRINGS = YES;
				SWIFT_VERSION = 5.0;
				TARGETED_DEVICE_FAMILY = "1,2";
			};
			name = Release;
		};
/* End XCBuildConfiguration section */

/* Begin XCConfigurationList section */
		39832BC82B57BBFF007232FA /* Build configuration list for PBXProject "FinalRecipeApp" */ = {
			isa = XCConfigurationList;
			buildConfigurations = (
				39832BDF2B57BC00007232FA /* Debug */,
				39832BE02B57BC00007232FA /* Release */,
			);
			defaultConfigurationIsVisible = 0;
			defaultConfigurationName = Release;
		};
		39832BE12B57BC00007232FA /* Build configuration list for PBXNativeTarget "FinalRecipeApp" */ = {
			isa = XCConfigurationList;
			buildConfigurations = (
				39832BE22B57BC00007232FA /* Debug */,
				39832BE32B57BC00007232FA /* Release */,
			);
			defaultConfigurationIsVisible = 0;
			defaultConfigurationName = Release;
		};
/* End XCConfigurationList section */

/* Begin XCRemoteSwiftPackageReference section */
		39C69AFC2B5FD162000EA66C /* XCRemoteSwiftPackageReference "package" */ = {
			isa = XCRemoteSwiftPackageReference;
			repositoryURL = "https://github.com/mmm11233/package.git";
			requirement = {
				branch = main;
				kind = branch;
			};
		};
		39DE5AFE2B72BB1E00AAA8E2 /* XCRemoteSwiftPackageReference "ios-maps-sdk" */ = {
			isa = XCRemoteSwiftPackageReference;
			repositoryURL = "https://github.com/googlemaps/ios-maps-sdk";
			requirement = {
				kind = upToNextMajorVersion;
				minimumVersion = 8.4.0;
			};
		};
/* End XCRemoteSwiftPackageReference section */

/* Begin XCSwiftPackageProductDependency section */
		39C69AFD2B5FD162000EA66C /* NetSwift */ = {
			isa = XCSwiftPackageProductDependency;
			package = 39C69AFC2B5FD162000EA66C /* XCRemoteSwiftPackageReference "package" */;
			productName = NetSwift;
		};
		39DE5AFF2B72BB1E00AAA8E2 /* GoogleMaps */ = {
			isa = XCSwiftPackageProductDependency;
			package = 39DE5AFE2B72BB1E00AAA8E2 /* XCRemoteSwiftPackageReference "ios-maps-sdk" */;
			productName = GoogleMaps;
		};
		39DE5B012B72BB1E00AAA8E2 /* GoogleMapsBase */ = {
			isa = XCSwiftPackageProductDependency;
			package = 39DE5AFE2B72BB1E00AAA8E2 /* XCRemoteSwiftPackageReference "ios-maps-sdk" */;
			productName = GoogleMapsBase;
		};
		39DE5B032B72BB1E00AAA8E2 /* GoogleMapsCore */ = {
			isa = XCSwiftPackageProductDependency;
			package = 39DE5AFE2B72BB1E00AAA8E2 /* XCRemoteSwiftPackageReference "ios-maps-sdk" */;
			productName = GoogleMapsCore;
		};
		39DE5B052B72BB1E00AAA8E2 /* GoogleMapsM4B */ = {
			isa = XCSwiftPackageProductDependency;
			package = 39DE5AFE2B72BB1E00AAA8E2 /* XCRemoteSwiftPackageReference "ios-maps-sdk" */;
			productName = GoogleMapsM4B;
		};
/* End XCSwiftPackageProductDependency section */

/* Begin XCVersionGroup section */
		398E4B702B6BDF9C00BE6310 /* FinalRecipeApp.xcdatamodeld */ = {
			isa = XCVersionGroup;
			children = (
				398E4B712B6BDF9C00BE6310 /* FinalRecipeApp.xcdatamodel */,
			);
			currentVersion = 398E4B712B6BDF9C00BE6310 /* FinalRecipeApp.xcdatamodel */;
			path = FinalRecipeApp.xcdatamodeld;
			sourceTree = "<group>";
			versionGroupType = wrapper.xcdatamodel;
		};
/* End XCVersionGroup section */
	};
	rootObject = 39832BC52B57BBFF007232FA /* Project object */;
}
